
Microsoft Visual Studio Solution File, Format Version 12.00
# Visual Studio 14
VisualStudioVersion = 14.0.25420.1
MinimumVisualStudioVersion = 10.0.40219.1
Project("{FAE04EC0-301F-11D3-BF4B-00C04F79EFBC}") = "SportsPlanner.Droid", "SportsPlanner.Droid\SportsPlanner.Droid.csproj", "{4E1682A0-5330-4748-B84E-2E39345DB342}"
EndProject
Project("{FAE04EC0-301F-11D3-BF4B-00C04F79EFBC}") = "SportsPlanner.iOS", "SportsPlanner.iOS\SportsPlanner.iOS.csproj", "{2588E82F-3237-429F-B661-585C05E8D35E}"
EndProject
Project("{D954291E-2A0B-460D-934E-DC6B0785DB48}") = "SportsPlanner", "SportsPlanner\SportsPlanner.shproj", "{CEB9F290-A3E8-4E76-856E-E611DEAE3F94}"
EndProject
Project("{FAE04EC0-301F-11D3-BF4B-00C04F79EFBC}") = "SportsPlanner.UWP", "SportsPlanner.UWP\SportsPlanner.UWP.csproj", "{BFD674F8-7E24-414B-B59D-06C28859B1E0}"
EndProject
Global
	GlobalSection(SharedMSBuildProjectFiles) = preSolution
		SportsPlanner\SportsPlanner.projitems*{2588e82f-3237-429f-b661-585c05e8d35e}*SharedItemsImports = 4
		SportsPlanner\SportsPlanner.projitems*{4e1682a0-5330-4748-b84e-2e39345db342}*SharedItemsImports = 4
		SportsPlanner\SportsPlanner.projitems*{bfd674f8-7e24-414b-b59d-06c28859b1e0}*SharedItemsImports = 4
		SportsPlanner\SportsPlanner.projitems*{ceb9f290-a3e8-4e76-856e-e611deae3f94}*SharedItemsImports = 13
	EndGlobalSection
	GlobalSection(SolutionConfigurationPlatforms) = preSolution
		Debug|Any CPU = Debug|Any CPU
		Debug|ARM = Debug|ARM
		Debug|iPhone = Debug|iPhone
		Debug|iPhoneSimulator = Debug|iPhoneSimulator
		Debug|x64 = Debug|x64
		Debug|x86 = Debug|x86
		Release|Any CPU = Release|Any CPU
		Release|ARM = Release|ARM
		Release|iPhone = Release|iPhone
		Release|iPhoneSimulator = Release|iPhoneSimulator
		Release|x64 = Release|x64
		Release|x86 = Release|x86
	EndGlobalSection
	GlobalSection(ProjectConfigurationPlatforms) = postSolution
		{4E1682A0-5330-4748-B84E-2E39345DB342}.Debug|Any CPU.ActiveCfg = Debug|Any CPU
		{4E1682A0-5330-4748-B84E-2E39345DB342}.Debug|Any CPU.Build.0 = Debug|Any CPU
		{4E1682A0-5330-4748-B84E-2E39345DB342}.Debug|Any CPU.Deploy.0 = Debug|Any CPU
		{4E1682A0-5330-4748-B84E-2E39345DB342}.Debug|ARM.ActiveCfg = Debug|Any CPU
		{4E1682A0-5330-4748-B84E-2E39345DB342}.Debug|ARM.Build.0 = Debug|Any CPU
		{4E1682A0-5330-4748-B84E-2E39345DB342}.Debug|ARM.Deploy.0 = Debug|Any CPU
		{4E1682A0-5330-4748-B84E-2E39345DB342}.Debug|iPhone.ActiveCfg = Debug|Any CPU
		{4E1682A0-5330-4748-B84E-2E39345DB342}.Debug|iPhone.Build.0 = Debug|Any CPU
		{4E1682A0-5330-4748-B84E-2E39345DB342}.Debug|iPhone.Deploy.0 = Debug|Any CPU
		{4E1682A0-5330-4748-B84E-2E39345DB342}.Debug|iPhoneSimulator.ActiveCfg = Debug|Any CPU
		{4E1682A0-5330-4748-B84E-2E39345DB342}.Debug|iPhoneSimulator.Build.0 = Debug|Any CPU
		{4E1682A0-5330-4748-B84E-2E39345DB342}.Debug|iPhoneSimulator.Deploy.0 = Debug|Any CPU
		{4E1682A0-5330-4748-B84E-2E39345DB342}.Debug|x64.ActiveCfg = Debug|Any CPU
		{4E1682A0-5330-4748-B84E-2E39345DB342}.Debug|x64.Build.0 = Debug|Any CPU
		{4E1682A0-5330-4748-B84E-2E39345DB342}.Debug|x64.Deploy.0 = Debug|Any CPU
		{4E1682A0-5330-4748-B84E-2E39345DB342}.Debug|x86.ActiveCfg = Debug|Any CPU
		{4E1682A0-5330-4748-B84E-2E39345DB342}.Debug|x86.Build.0 = Debug|Any CPU
		{4E1682A0-5330-4748-B84E-2E39345DB342}.Debug|x86.Deploy.0 = Debug|Any CPU
		{4E1682A0-5330-4748-B84E-2E39345DB342}.Release|Any CPU.ActiveCfg = Release|Any CPU
		{4E1682A0-5330-4748-B84E-2E39345DB342}.Release|Any CPU.Build.0 = Release|Any CPU
		{4E1682A0-5330-4748-B84E-2E39345DB342}.Release|Any CPU.Deploy.0 = Release|Any CPU
		{4E1682A0-5330-4748-B84E-2E39345DB342}.Release|ARM.ActiveCfg = Release|Any CPU
		{4E1682A0-5330-4748-B84E-2E39345DB342}.Release|ARM.Build.0 = Release|Any CPU
		{4E1682A0-5330-4748-B84E-2E39345DB342}.Release|ARM.Deploy.0 = Release|Any CPU
		{4E1682A0-5330-4748-B84E-2E39345DB342}.Release|iPhone.ActiveCfg = Release|Any CPU
		{4E1682A0-5330-4748-B84E-2E39345DB342}.Release|iPhone.Build.0 = Release|Any CPU
		{4E1682A0-5330-4748-B84E-2E39345DB342}.Release|iPhone.Deploy.0 = Release|Any CPU
		{4E1682A0-5330-4748-B84E-2E39345DB342}.Release|iPhoneSimulator.ActiveCfg = Release|Any CPU
		{4E1682A0-5330-4748-B84E-2E39345DB342}.Release|iPhoneSimulator.Build.0 = Release|Any CPU
		{4E1682A0-5330-4748-B84E-2E39345DB342}.Release|iPhoneSimulator.Deploy.0 = Release|Any CPU
		{4E1682A0-5330-4748-B84E-2E39345DB342}.Release|x64.ActiveCfg = Release|Any CPU
		{4E1682A0-5330-4748-B84E-2E39345DB342}.Release|x64.Build.0 = Release|Any CPU
		{4E1682A0-5330-4748-B84E-2E39345DB342}.Release|x64.Deploy.0 = Release|Any CPU
		{4E1682A0-5330-4748-B84E-2E39345DB342}.Release|x86.ActiveCfg = Release|Any CPU
		{4E1682A0-5330-4748-B84E-2E39345DB342}.Release|x86.Build.0 = Release|Any CPU
		{4E1682A0-5330-4748-B84E-2E39345DB342}.Release|x86.Deploy.0 = Release|Any CPU
		{2588E82F-3237-429F-B661-585C05E8D35E}.Debug|Any CPU.ActiveCfg = Debug|iPhone
		{2588E82F-3237-429F-B661-585C05E8D35E}.Debug|ARM.ActiveCfg = Debug|iPhone
		{2588E82F-3237-429F-B661-585C05E8D35E}.Debug|iPhone.ActiveCfg = Debug|iPhone
		{2588E82F-3237-429F-B661-585C05E8D35E}.Debug|iPhone.Build.0 = Debug|iPhone
		{2588E82F-3237-429F-B661-585C05E8D35E}.Debug|iPhoneSimulator.ActiveCfg = Debug|iPhoneSimulator
		{2588E82F-3237-429F-B661-585C05E8D35E}.Debug|iPhoneSimulator.Build.0 = Debug|iPhoneSimulator
		{2588E82F-3237-429F-B661-585C05E8D35E}.Debug|x64.ActiveCfg = Debug|iPhoneSimulator
		{2588E82F-3237-429F-B661-585C05E8D35E}.Debug|x86.ActiveCfg = Debug|iPhone
		{2588E82F-3237-429F-B661-585C05E8D35E}.Release|Any CPU.ActiveCfg = Release|iPhone
		{2588E82F-3237-429F-B661-585C05E8D35E}.Release|ARM.ActiveCfg = Release|iPhone
		{2588E82F-3237-429F-B661-585C05E8D35E}.Release|iPhone.ActiveCfg = Release|iPhone
		{2588E82F-3237-429F-B661-585C05E8D35E}.Release|iPhone.Build.0 = Release|iPhone
		{2588E82F-3237-429F-B661-585C05E8D35E}.Release|iPhoneSimulator.ActiveCfg = Release|iPhoneSimulator
		{2588E82F-3237-429F-B661-585C05E8D35E}.Release|iPhoneSimulator.Build.0 = Release|iPhoneSimulator
		{2588E82F-3237-429F-B661-585C05E8D35E}.Release|x64.ActiveCfg = Release|iPhoneSimulator
		{2588E82F-3237-429F-B661-585C05E8D35E}.Release|x86.ActiveCfg = Release|iPhone
		{BFD674F8-7E24-414B-B59D-06C28859B1E0}.Debug|Any CPU.ActiveCfg = Debug|x86
		{BFD674F8-7E24-414B-B59D-06C28859B1E0}.Debug|ARM.ActiveCfg = Debug|ARM
		{BFD674F8-7E24-414B-B59D-06C28859B1E0}.Debug|ARM.Build.0 = Debug|ARM
		{BFD674F8-7E24-414B-B59D-06C28859B1E0}.Debug|ARM.Deploy.0 = Debug|ARM
		{BFD674F8-7E24-414B-B59D-06C28859B1E0}.Debug|iPhone.ActiveCfg = Debug|x86
		{BFD674F8-7E24-414B-B59D-06C28859B1E0}.Debug|iPhoneSimulator.ActiveCfg = Debug|x86
		{BFD674F8-7E24-414B-B59D-06C28859B1E0}.Debug|x64.ActiveCfg = Debug|x64
		{BFD674F8-7E24-414B-B59D-06C28859B1E0}.Debug|x64.Build.0 = Debug|x64
		{BFD674F8-7E24-414B-B59D-06C28859B1E0}.Debug|x64.Deploy.0 = Debug|x64
		{BFD674F8-7E24-414B-B59D-06C28859B1E0}.Debug|x86.ActiveCfg = Debug|x86
		{BFD674F8-7E24-414B-B59D-06C28859B1E0}.Debug|x86.Build.0 = Debug|x86
		{BFD674F8-7E24-414B-B59D-06C28859B1E0}.Debug|x86.Deploy.0 = Debug|x86
		{BFD674F8-7E24-414B-B59D-06C28859B1E0}.Release|Any CPU.ActiveCfg = Release|x86
		{BFD674F8-7E24-414B-B59D-06C28859B1E0}.Release|ARM.ActiveCfg = Release|ARM
		{BFD674F8-7E24-414B-B59D-06C28859B1E0}.Release|ARM.Build.0 = Release|ARM
		{BFD674F8-7E24-414B-B59D-06C28859B1E0}.Release|ARM.Deploy.0 = Release|ARM
		{BFD674F8-7E24-414B-B59D-06C28859B1E0}.Release|iPhone.ActiveCfg = Release|x86
		{BFD674F8-7E24-414B-B59D-06C28859B1E0}.Release|iPhoneSimulator.ActiveCfg = Release|x86
		{BFD674F8-7E24-414B-B59D-06C28859B1E0}.Release|x64.ActiveCfg = Release|x64
		{BFD674F8-7E24-414B-B59D-06C28859B1E0}.Release|x64.Build.0 = Release|x64
		{BFD674F8-7E24-414B-B59D-06C28859B1E0}.Release|x64.Deploy.0 = Release|x64
		{BFD674F8-7E24-414B-B59D-06C28859B1E0}.Release|x86.ActiveCfg = Release|x86
		{BFD674F8-7E24-414B-B59D-06C28859B1E0}.Release|x86.Build.0 = Release|x86
		{BFD674F8-7E24-414B-B59D-06C28859B1E0}.Release|x86.Deploy.0 = Release|x86
	EndGlobalSection
	GlobalSection(SolutionProperties) = preSolution
		HideSolutionNode = FALSE
	EndGlobalSection
EndGlobal
